
Microsoft Visual Studio Solution File, Format Version 12.00
# Visual Studio Version 17
VisualStudioVersion = 17.11.35312.102
MinimumVisualStudioVersion = 10.0.40219.1
Project("{FAE04EC0-301F-11D3-BF4B-00C04F79EFBC}") = "ConsoleApp18", "ConsoleApp18\ConsoleApp18.csproj", "{45F5DBD9-7196-44B3-928F-E87E7E773F84}"
EndProject
Project("{FAE04EC0-301F-11D3-BF4B-00C04F79EFBC}") = "Core", "Core\Core.csproj", "{3556D6A0-550A-4AFC-BDBE-6C8E230F1D4B}"
EndProject
Global
	GlobalSection(SolutionConfigurationPlatforms) = preSolution
		Debug|Any CPU = Debug|Any CPU
		Release|Any CPU = Release|Any CPU
	EndGlobalSection
	GlobalSection(ProjectConfigurationPlatforms) = postSolution
		{45F5DBD9-7196-44B3-928F-E87E7E773F84}.Debug|Any CPU.ActiveCfg = Debug|Any CPU
		{45F5DBD9-7196-44B3-928F-E87E7E773F84}.Debug|Any CPU.Build.0 = Debug|Any CPU
		{45F5DBD9-7196-44B3-928F-E87E7E773F84}.Release|Any CPU.ActiveCfg = Release|Any CPU
		{45F5DBD9-7196-44B3-928F-E87E7E773F84}.Release|Any CPU.Build.0 = Release|Any CPU
		{3556D6A0-550A-4AFC-BDBE-6C8E230F1D4B}.Debug|Any CPU.ActiveCfg = Debug|Any CPU
		{3556D6A0-550A-4AFC-BDBE-6C8E230F1D4B}.Debug|Any CPU.Build.0 = Debug|Any CPU
		{3556D6A0-550A-4AFC-BDBE-6C8E230F1D4B}.Release|Any CPU.ActiveCfg = Release|Any CPU
		{3556D6A0-550A-4AFC-BDBE-6C8E230F1D4B}.Release|Any CPU.Build.0 = Release|Any CPU
	EndGlobalSection
	GlobalSection(SolutionProperties) = preSolution
		HideSolutionNode = FALSE
	EndGlobalSection
	GlobalSection(ExtensibilityGlobals) = postSolution
		SolutionGuid = {4933255F-632E-4F8E-80E7-53236F1BA07E}
	EndGlobalSection
EndGlobal
